
Microsoft Visual Studio Solution File, Format Version 12.00
# Visual Studio Version 17
VisualStudioVersion = 17.11.35327.3
MinimumVisualStudioVersion = 10.0.40219.1
Project("{FAE04EC0-301F-11D3-BF4B-00C04F79EFBC}") = "Sodium", "Sodium\Sodium.csproj", "{7D6E0CD5-6384-4712-89C8-0494D2D79589}"
EndProject
Global
	GlobalSection(SolutionConfigurationPlatforms) = preSolution
		Debug|Any CPU = Debug|Any CPU
		Release|Any CPU = Release|Any CPU
	EndGlobalSection
	GlobalSection(ProjectConfigurationPlatforms) = postSolution
		{7D6E0CD5-6384-4712-89C8-0494D2D79589}.Debug|Any CPU.ActiveCfg = Debug|Any CPU
		{7D6E0CD5-6384-4712-89C8-0494D2D79589}.Debug|Any CPU.Build.0 = Debug|Any CPU
		{7D6E0CD5-6384-4712-89C8-0494D2D79589}.Release|Any CPU.ActiveCfg = Release|Any CPU
		{7D6E0CD5-6384-4712-89C8-0494D2D79589}.Release|Any CPU.Build.0 = Release|Any CPU
	EndGlobalSection
	GlobalSection(SolutionProperties) = preSolution
		HideSolutionNode = FALSE
	EndGlobalSection
	GlobalSection(ExtensibilityGlobals) = postSolution
		SolutionGuid = {EFABC8A5-5188-49B3-AD7B-AEB6CC50A583}
	EndGlobalSection
EndGlobal
